
Microsoft Visual Studio Solution File, Format Version 12.00
# Visual Studio Version 16
VisualStudioVersion = 16.0.31613.86
MinimumVisualStudioVersion = 10.0.40219.1
Project("{FAE04EC0-301F-11D3-BF4B-00C04F79EFBC}") = "Ubitquity.UI", "Ubitquity\Ubitquity.UI.csproj", "{3AB3C931-0F02-49F8-833E-669B016169E0}"
EndProject
Project("{2150E333-8FDC-42A3-9474-1A3956D46DE8}") = "Business Logics", "Business Logics", "{27685DE1-1FE9-4646-B05B-A994B53FFADB}"
EndProject
Project("{FAE04EC0-301F-11D3-BF4B-00C04F79EFBC}") = "CORE", "CORE\CORE.csproj", "{2887A526-FCF3-42A5-91CE-93500007D808}"
EndProject
Global
	GlobalSection(SolutionConfigurationPlatforms) = preSolution
		Debug|Any CPU = Debug|Any CPU
		Release|Any CPU = Release|Any CPU
	EndGlobalSection
	GlobalSection(ProjectConfigurationPlatforms) = postSolution
		{3AB3C931-0F02-49F8-833E-669B016169E0}.Debug|Any CPU.ActiveCfg = Debug|Any CPU
		{3AB3C931-0F02-49F8-833E-669B016169E0}.Debug|Any CPU.Build.0 = Debug|Any CPU
		{3AB3C931-0F02-49F8-833E-669B016169E0}.Release|Any CPU.ActiveCfg = Release|Any CPU
		{3AB3C931-0F02-49F8-833E-669B016169E0}.Release|Any CPU.Build.0 = Release|Any CPU
		{2887A526-FCF3-42A5-91CE-93500007D808}.Debug|Any CPU.ActiveCfg = Debug|Any CPU
		{2887A526-FCF3-42A5-91CE-93500007D808}.Debug|Any CPU.Build.0 = Debug|Any CPU
		{2887A526-FCF3-42A5-91CE-93500007D808}.Release|Any CPU.ActiveCfg = Release|Any CPU
		{2887A526-FCF3-42A5-91CE-93500007D808}.Release|Any CPU.Build.0 = Release|Any CPU
	EndGlobalSection
	GlobalSection(SolutionProperties) = preSolution
		HideSolutionNode = FALSE
	EndGlobalSection
	GlobalSection(NestedProjects) = preSolution
		{2887A526-FCF3-42A5-91CE-93500007D808} = {27685DE1-1FE9-4646-B05B-A994B53FFADB}
	EndGlobalSection
	GlobalSection(ExtensibilityGlobals) = postSolution
		SolutionGuid = {FFB122B7-CA9B-4E32-A8EE-789711643BA8}
	EndGlobalSection
EndGlobal
